schema: '2.0'
stages:
  data_ingestion:
    cmd: python src/data/data_ingestion.py
    deps:
    - path: data/raw/
      hash: md5
      md5: b73b4fac83d50d666ad203c335d2ff4e.dir
      size: 296278120
      nfiles: 1
    - path: src/data/data_ingestion.py
      hash: md5
      md5: b5eda226f83173228ae09b8ee4c37433
      size: 6629
    params:
      params.yaml:
        data_ingestion.test_size: 0.2
    outs:
    - path: data/interim/test.csv
      hash: md5
      md5: 1527e3a4d0d8dc0758556deeac302397
      size: 24851014
    - path: data/interim/train.csv
      hash: md5
      md5: 0acc01d709d7261208c1e7cb944c4276
      size: 99724840
  data_preprocessing:
    cmd: python src/data/data_preprocessing.py
    deps:
    - path: data/interim/test.csv
      hash: md5
      md5: 1527e3a4d0d8dc0758556deeac302397
      size: 24851014
    - path: data/interim/train.csv
      hash: md5
      md5: 0acc01d709d7261208c1e7cb944c4276
      size: 99724840
    - path: src/data/data_preprocessing.py
      hash: md5
      md5: 8eabca49eb305a92ce072f143cf058dd
      size: 3828
    outs:
    - path: data/interim/test_processed.csv
      hash: md5
      md5: f8edaa5fa77ee836aa89c00753ef7851
      size: 17057102
    - path: data/interim/train_processed.csv
      hash: md5
      md5: 485a15c56e7e53c43a9fb607f49321e0
      size: 68464106
  model_building:
    cmd: python src/model/model_building.py
    deps:
    - path: data/interim/train_processed.csv
      hash: md5
      md5: 485a15c56e7e53c43a9fb607f49321e0
      size: 68464106
    - path: params.yaml
      hash: md5
      md5: bc16eafc79b3519875381d368cff92ec
      size: 295
    - path: src/model/model_building.py
      hash: md5
      md5: 33c8ca1da667955034c96a1f5267b1a5
      size: 6864
    params:
      params.yaml:
        model.learning_rate: 0.05
        model.max_depth: 20
        model.n_estimators: 500
        model.num_leaves: 100
        tfidf.max_features: 5000
        tfidf.ngram_range:
        - 1
        - 2
    outs:
    - path: models/lgbm_model.pkl
      hash: md5
      md5: 6d94d9e50be2c710f4c262d65954dc82
      size: 16796717
    - path: models/tfidf_vectorizer.pkl
      hash: md5
      md5: 20ede5e1b7dd459b82771ae65f1f1eef
      size: 183816
  model_evaluation:
    cmd: python src/model/model_evaluation.py
    deps:
    - path: data/interim/test_processed.csv
      hash: md5
      md5: f8edaa5fa77ee836aa89c00753ef7851
      size: 17057102
    - path: models/lgbm_model.pkl
      hash: md5
      md5: 6d94d9e50be2c710f4c262d65954dc82
      size: 16796717
    - path: models/tfidf_vectorizer.pkl
      hash: md5
      md5: 20ede5e1b7dd459b82771ae65f1f1eef
      size: 183816
    - path: src/model/model_evaluation.py
      hash: md5
      md5: 9d2463967a22b0f9bdaa3beebdebbd37
      size: 8069
    outs:
    - path: experiment_info.json
      hash: md5
      md5: 38433a26628f18bd310740233ac96d60
      size: 114
    - path: metrics.json
      hash: md5
      md5: 836f0f8f44635976c1c8851e42dcb721
      size: 144
  model_registration:
    cmd: python src/model/register_model.py
    deps:
    - path: experiment_info.json
      hash: md5
      md5: 38433a26628f18bd310740233ac96d60
      size: 114
    - path: src/model/register_model.py
      hash: md5
      md5: 8c0ab1ec340e2bcb87e8f0e8a2fcd2c3
      size: 2580
